<?xml version="1.0" encoding="utf-8"?>
<Project ToolsVersion="4.0" xmlns="http://schemas.microsoft.com/developer/msbuild/2003">
  <ItemGroup>
    <Filter Include="Source Files">
      <UniqueIdentifier>{4FC737F1-C7A5-4376-A066-2A32D752A2FF}</UniqueIdentifier>
      <Extensions>cpp;c;cc;cxx;def;odl;idl;hpj;bat;asm;asmx</Extensions>
    </Filter>
    <Filter Include="Header Files">
      <UniqueIdentifier>{93995380-89BD-4b04-88EB-625FBE52EBFB}</UniqueIdentifier>
      <Extensions>h;hpp;hxx;hh;hm;inl;inc;xsd</Extensions>
    </Filter>
    <Filter Include="Resource Files">
      <UniqueIdentifier>{67DA6AB6-F800-4c08-8B7A-83BB121AAD01}</UniqueIdentifier>
      <Extensions>rc;ico;cur;bmp;dlg;rc2;rct;bin;rgs;gif;jpg;jpeg;jpe;resx;tiff;tif;png;wav;mfcribbon-ms</Extensions>
    </Filter>
    <Filter Include="liveMedia">
      <UniqueIdentifier>{8b17ef27-add2-40aa-a035-1cebbdaf72d4}</UniqueIdentifier>
    </Filter>
  </ItemGroup>
  <ItemGroup>
    <ClCompile Include="..\liveMedia\AC3AudioFileServerMediaSubsession.cpp">
      <Filter>Source Files</Filter>
    </ClCompile>
    <ClCompile Include="..\liveMedia\AC3AudioRTPSink.cpp">
      <Filter>Source Files</Filter>
    </ClCompile>
    <ClCompile Include="..\liveMedia\AC3AudioRTPSource.cpp">
      <Filter>Source Files</Filter>
    </ClCompile>
    <ClCompile Include="..\liveMedia\AC3AudioStreamFramer.cpp">
      <Filter>Source Files</Filter>
    </ClCompile>
    <ClCompile Include="..\liveMedia\ADTSAudioFileServerMediaSubsession.cpp">
      <Filter>Source Files</Filter>
    </ClCompile>
    <ClCompile Include="..\liveMedia\ADTSAudioFileSource.cpp">
      <Filter>Source Files</Filter>
    </ClCompile>
    <ClCompile Include="..\liveMedia\AMRAudioFileServerMediaSubsession.cpp">
      <Filter>Source Files</Filter>
    </ClCompile>
    <ClCompile Include="..\liveMedia\AMRAudioFileSink.cpp">
      <Filter>Source Files</Filter>
    </ClCompile>
    <ClCompile Include="..\liveMedia\AMRAudioFileSource.cpp">
      <Filter>Source Files</Filter>
    </ClCompile>
    <ClCompile Include="..\liveMedia\AMRAudioRTPSink.cpp">
      <Filter>Source Files</Filter>
    </ClCompile>
    <ClCompile Include="..\liveMedia\AMRAudioRTPSource.cpp">
      <Filter>Source Files</Filter>
    </ClCompile>
    <ClCompile Include="..\liveMedia\AMRAudioSource.cpp">
      <Filter>Source Files</Filter>
    </ClCompile>
    <ClCompile Include="..\liveMedia\AudioInputDevice.cpp">
      <Filter>Source Files</Filter>
    </ClCompile>
    <ClCompile Include="..\liveMedia\AudioRTPSink.cpp">
      <Filter>Source Files</Filter>
    </ClCompile>
    <ClCompile Include="..\liveMedia\AVIFileSink.cpp">
      <Filter>Source Files</Filter>
    </ClCompile>
    <ClCompile Include="..\liveMedia\Base64.cpp">
      <Filter>Source Files</Filter>
    </ClCompile>
    <ClCompile Include="..\liveMedia\BasicUDPSink.cpp">
      <Filter>Source Files</Filter>
    </ClCompile>
    <ClCompile Include="..\liveMedia\BasicUDPSource.cpp">
      <Filter>Source Files</Filter>
    </ClCompile>
    <ClCompile Include="..\liveMedia\BitVector.cpp">
      <Filter>Source Files</Filter>
    </ClCompile>
    <ClCompile Include="..\liveMedia\ByteStreamFileSource.cpp">
      <Filter>Source Files</Filter>
    </ClCompile>
    <ClCompile Include="..\liveMedia\ByteStreamMemoryBufferSource.cpp">
      <Filter>Source Files</Filter>
    </ClCompile>
    <ClCompile Include="..\liveMedia\ByteStreamMultiFileSource.cpp">
      <Filter>Source Files</Filter>
    </ClCompile>
    <ClCompile Include="..\liveMedia\DeviceSource.cpp">
      <Filter>Source Files</Filter>
    </ClCompile>
    <ClCompile Include="..\liveMedia\DigestAuthentication.cpp">
      <Filter>Source Files</Filter>
    </ClCompile>
    <ClCompile Include="..\liveMedia\DVVideoFileServerMediaSubsession.cpp">
      <Filter>Source Files</Filter>
    </ClCompile>
    <ClCompile Include="..\liveMedia\DVVideoRTPSink.cpp">
      <Filter>Source Files</Filter>
    </ClCompile>
    <ClCompile Include="..\liveMedia\DVVideoRTPSource.cpp">
      <Filter>Source Files</Filter>
    </ClCompile>
    <ClCompile Include="..\liveMedia\DVVideoStreamFramer.cpp">
      <Filter>Source Files</Filter>
    </ClCompile>
    <ClCompile Include="..\liveMedia\EBMLNumber.cpp">
      <Filter>Source Files</Filter>
    </ClCompile>
    <ClCompile Include="..\liveMedia\FileServerMediaSubsession.cpp">
      <Filter>Source Files</Filter>
    </ClCompile>
    <ClCompile Include="..\liveMedia\FileSink.cpp">
      <Filter>Source Files</Filter>
    </ClCompile>
    <ClCompile Include="..\liveMedia\FramedFileSource.cpp">
      <Filter>Source Files</Filter>
    </ClCompile>
    <ClCompile Include="..\liveMedia\FramedFilter.cpp">
      <Filter>Source Files</Filter>
    </ClCompile>
    <ClCompile Include="..\liveMedia\FramedSource.cpp">
      <Filter>Source Files</Filter>
    </ClCompile>
    <ClCompile Include="..\liveMedia\GSMAudioRTPSink.cpp">
      <Filter>Source Files</Filter>
    </ClCompile>
    <ClCompile Include="..\liveMedia\H261VideoRTPSource.cpp">
      <Filter>Source Files</Filter>
    </ClCompile>
    <ClCompile Include="..\liveMedia\H263plusVideoFileServerMediaSubsession.cpp">
      <Filter>Source Files</Filter>
    </ClCompile>
    <ClCompile Include="..\liveMedia\H263plusVideoRTPSink.cpp">
      <Filter>Source Files</Filter>
    </ClCompile>
    <ClCompile Include="..\liveMedia\H263plusVideoRTPSource.cpp">
      <Filter>Source Files</Filter>
    </ClCompile>
    <ClCompile Include="..\liveMedia\H263plusVideoStreamFramer.cpp">
      <Filter>Source Files</Filter>
    </ClCompile>
    <ClCompile Include="..\liveMedia\H263plusVideoStreamParser.cpp">
      <Filter>Source Files</Filter>
    </ClCompile>
    <ClCompile Include="..\liveMedia\H264or5VideoFileSink.cpp">
      <Filter>Source Files</Filter>
    </ClCompile>
    <ClCompile Include="..\liveMedia\H264or5VideoRTPSink.cpp">
      <Filter>Source Files</Filter>
    </ClCompile>
    <ClCompile Include="..\liveMedia\H264or5VideoStreamDiscreteFramer.cpp">
      <Filter>Source Files</Filter>
    </ClCompile>
    <ClCompile Include="..\liveMedia\H264or5VideoStreamFramer.cpp">
      <Filter>Source Files</Filter>
    </ClCompile>
    <ClCompile Include="..\liveMedia\H264VideoFileServerMediaSubsession.cpp">
      <Filter>Source Files</Filter>
    </ClCompile>
    <ClCompile Include="..\liveMedia\H264VideoFileSink.cpp">
      <Filter>Source Files</Filter>
    </ClCompile>
    <ClCompile Include="..\liveMedia\H264VideoRTPSink.cpp">
      <Filter>Source Files</Filter>
    </ClCompile>
    <ClCompile Include="..\liveMedia\H264VideoRTPSource.cpp">
      <Filter>Source Files</Filter>
    </ClCompile>
    <ClCompile Include="..\liveMedia\H264VideoStreamDiscreteFramer.cpp">
      <Filter>Source Files</Filter>
    </ClCompile>
    <ClCompile Include="..\liveMedia\H264VideoStreamFramer.cpp">
      <Filter>Source Files</Filter>
    </ClCompile>
    <ClCompile Include="..\liveMedia\H265VideoFileServerMediaSubsession.cpp">
      <Filter>Source Files</Filter>
    </ClCompile>
    <ClCompile Include="..\liveMedia\H265VideoFileSink.cpp">
      <Filter>Source Files</Filter>
    </ClCompile>
    <ClCompile Include="..\liveMedia\H265VideoRTPSink.cpp">
      <Filter>Source Files</Filter>
    </ClCompile>
    <ClCompile Include="..\liveMedia\H265VideoRTPSource.cpp">
      <Filter>Source Files</Filter>
    </ClCompile>
    <ClCompile Include="..\liveMedia\H265VideoStreamDiscreteFramer.cpp">
      <Filter>Source Files</Filter>
    </ClCompile>
    <ClCompile Include="..\liveMedia\H265VideoStreamFramer.cpp">
      <Filter>Source Files</Filter>
    </ClCompile>
    <ClCompile Include="..\liveMedia\InputFile.cpp">
      <Filter>Source Files</Filter>
    </ClCompile>
    <ClCompile Include="..\liveMedia\JPEGVideoRTPSink.cpp">
      <Filter>Source Files</Filter>
    </ClCompile>
    <ClCompile Include="..\liveMedia\JPEGVideoRTPSource.cpp">
      <Filter>Source Files</Filter>
    </ClCompile>
    <ClCompile Include="..\liveMedia\JPEGVideoSource.cpp">
      <Filter>Source Files</Filter>
    </ClCompile>
    <ClCompile Include="..\liveMedia\Locale.cpp">
      <Filter>Source Files</Filter>
    </ClCompile>
    <ClCompile Include="..\liveMedia\MatroskaDemuxedTrack.cpp">
      <Filter>Source Files</Filter>
    </ClCompile>
    <ClCompile Include="..\liveMedia\MatroskaFile.cpp">
      <Filter>Source Files</Filter>
    </ClCompile>
    <ClCompile Include="..\liveMedia\MatroskaFileParser.cpp">
      <Filter>Source Files</Filter>
    </ClCompile>
    <ClCompile Include="..\liveMedia\MatroskaFileServerDemux.cpp">
      <Filter>Source Files</Filter>
    </ClCompile>
    <ClCompile Include="..\liveMedia\MatroskaFileServerMediaSubsession.cpp">
      <Filter>Source Files</Filter>
    </ClCompile>
    <ClCompile Include="..\liveMedia\Media.cpp">
      <Filter>Source Files</Filter>
    </ClCompile>
    <ClCompile Include="..\liveMedia\MediaSession.cpp">
      <Filter>Source Files</Filter>
    </ClCompile>
    <ClCompile Include="..\liveMedia\MediaSink.cpp">
      <Filter>Source Files</Filter>
    </ClCompile>
    <ClCompile Include="..\liveMedia\MediaSource.cpp">
      <Filter>Source Files</Filter>
    </ClCompile>
    <ClCompile Include="..\liveMedia\MP3ADU.cpp">
      <Filter>Source Files</Filter>
    </ClCompile>
    <ClCompile Include="..\liveMedia\MP3ADUdescriptor.cpp">
      <Filter>Source Files</Filter>
    </ClCompile>
    <ClCompile Include="..\liveMedia\MP3ADUinterleaving.cpp">
      <Filter>Source Files</Filter>
    </ClCompile>
    <ClCompile Include="..\liveMedia\MP3ADURTPSink.cpp">
      <Filter>Source Files</Filter>
    </ClCompile>
    <ClCompile Include="..\liveMedia\MP3ADURTPSource.cpp">
      <Filter>Source Files</Filter>
    </ClCompile>
    <ClCompile Include="..\liveMedia\MP3ADUTranscoder.cpp">
      <Filter>Source Files</Filter>
    </ClCompile>
    <ClCompile Include="..\liveMedia\MP3AudioFileServerMediaSubsession.cpp">
      <Filter>Source Files</Filter>
    </ClCompile>
    <ClCompile Include="..\liveMedia\MP3AudioMatroskaFileServerMediaSubsession.cpp">
      <Filter>Source Files</Filter>
    </ClCompile>
    <ClCompile Include="..\liveMedia\MP3FileSource.cpp">
      <Filter>Source Files</Filter>
    </ClCompile>
    <ClCompile Include="..\liveMedia\MP3Internals.cpp">
      <Filter>Source Files</Filter>
    </ClCompile>
    <ClCompile Include="..\liveMedia\MP3InternalsHuffman.cpp">
      <Filter>Source Files</Filter>
    </ClCompile>
    <ClCompile Include="..\liveMedia\MP3InternalsHuffmanTable.cpp">
      <Filter>Source Files</Filter>
    </ClCompile>
    <ClCompile Include="..\liveMedia\MP3StreamState.cpp">
      <Filter>Source Files</Filter>
    </ClCompile>
    <ClCompile Include="..\liveMedia\MP3Transcoder.cpp">
      <Filter>Source Files</Filter>
    </ClCompile>
    <ClCompile Include="..\liveMedia\MPEG1or2AudioRTPSink.cpp">
      <Filter>Source Files</Filter>
    </ClCompile>
    <ClCompile Include="..\liveMedia\MPEG1or2AudioRTPSource.cpp">
      <Filter>Source Files</Filter>
    </ClCompile>
    <ClCompile Include="..\liveMedia\MPEG1or2AudioStreamFramer.cpp">
      <Filter>Source Files</Filter>
    </ClCompile>
    <ClCompile Include="..\liveMedia\MPEG1or2Demux.cpp">
      <Filter>Source Files</Filter>
    </ClCompile>
    <ClCompile Include="..\liveMedia\MPEG1or2DemuxedElementaryStream.cpp">
      <Filter>Source Files</Filter>
    </ClCompile>
    <ClCompile Include="..\liveMedia\MPEG1or2DemuxedServerMediaSubsession.cpp">
      <Filter>Source Files</Filter>
    </ClCompile>
    <ClCompile Include="..\liveMedia\MPEG1or2FileServerDemux.cpp">
      <Filter>Source Files</Filter>
    </ClCompile>
    <ClCompile Include="..\liveMedia\MPEG1or2VideoFileServerMediaSubsession.cpp">
      <Filter>Source Files</Filter>
    </ClCompile>
    <ClCompile Include="..\liveMedia\MPEG1or2VideoRTPSink.cpp">
      <Filter>Source Files</Filter>
    </ClCompile>
    <ClCompile Include="..\liveMedia\MPEG1or2VideoRTPSource.cpp">
      <Filter>Source Files</Filter>
    </ClCompile>
    <ClCompile Include="..\liveMedia\MPEG1or2VideoStreamDiscreteFramer.cpp">
      <Filter>Source Files</Filter>
    </ClCompile>
    <ClCompile Include="..\liveMedia\MPEG1or2VideoStreamFramer.cpp">
      <Filter>Source Files</Filter>
    </ClCompile>
    <ClCompile Include="..\liveMedia\MPEG2IndexFromTransportStream.cpp">
      <Filter>Source Files</Filter>
    </ClCompile>
    <ClCompile Include="..\liveMedia\MPEG2TransportFileServerMediaSubsession.cpp">
      <Filter>Source Files</Filter>
    </ClCompile>
    <ClCompile Include="..\liveMedia\MPEG2TransportStreamFramer.cpp">
      <Filter>Source Files</Filter>
    </ClCompile>
    <ClCompile Include="..\liveMedia\MPEG2TransportStreamFromESSource.cpp">
      <Filter>Source Files</Filter>
    </ClCompile>
    <ClCompile Include="..\liveMedia\MPEG2TransportStreamFromPESSource.cpp">
      <Filter>Source Files</Filter>
    </ClCompile>
    <ClCompile Include="..\liveMedia\MPEG2TransportStreamIndexFile.cpp">
      <Filter>Source Files</Filter>
    </ClCompile>
    <ClCompile Include="..\liveMedia\MPEG2TransportStreamMultiplexor.cpp">
      <Filter>Source Files</Filter>
    </ClCompile>
    <ClCompile Include="..\liveMedia\MPEG2TransportStreamTrickModeFilter.cpp">
      <Filter>Source Files</Filter>
    </ClCompile>
    <ClCompile Include="..\liveMedia\MPEG2TransportUDPServerMediaSubsession.cpp">
      <Filter>Source Files</Filter>
    </ClCompile>
    <ClCompile Include="..\liveMedia\MPEG4ESVideoRTPSink.cpp">
      <Filter>Source Files</Filter>
    </ClCompile>
    <ClCompile Include="..\liveMedia\MPEG4ESVideoRTPSource.cpp">
      <Filter>Source Files</Filter>
    </ClCompile>
    <ClCompile Include="..\liveMedia\MPEG4GenericRTPSink.cpp">
      <Filter>Source Files</Filter>
    </ClCompile>
    <ClCompile Include="..\liveMedia\MPEG4GenericRTPSource.cpp">
      <Filter>Source Files</Filter>
    </ClCompile>
    <ClCompile Include="..\liveMedia\MPEG4LATMAudioRTPSink.cpp">
      <Filter>Source Files</Filter>
    </ClCompile>
    <ClCompile Include="..\liveMedia\MPEG4LATMAudioRTPSource.cpp">
      <Filter>Source Files</Filter>
    </ClCompile>
    <ClCompile Include="..\liveMedia\MPEG4VideoFileServerMediaSubsession.cpp">
      <Filter>Source Files</Filter>
    </ClCompile>
    <ClCompile Include="..\liveMedia\MPEG4VideoStreamDiscreteFramer.cpp">
      <Filter>Source Files</Filter>
    </ClCompile>
    <ClCompile Include="..\liveMedia\MPEG4VideoStreamFramer.cpp">
      <Filter>Source Files</Filter>
    </ClCompile>
    <ClCompile Include="..\liveMedia\MPEGVideoStreamFramer.cpp">
      <Filter>Source Files</Filter>
    </ClCompile>
    <ClCompile Include="..\liveMedia\MPEGVideoStreamParser.cpp">
      <Filter>Source Files</Filter>
    </ClCompile>
    <ClCompile Include="..\liveMedia\MultiFramedRTPSink.cpp">
      <Filter>Source Files</Filter>
    </ClCompile>
    <ClCompile Include="..\liveMedia\MultiFramedRTPSource.cpp">
      <Filter>Source Files</Filter>
    </ClCompile>
    <ClCompile Include="..\liveMedia\OggDemuxedTrack.cpp">
      <Filter>Source Files</Filter>
    </ClCompile>
    <ClCompile Include="..\liveMedia\OggFile.cpp">
      <Filter>Source Files</Filter>
    </ClCompile>
    <ClCompile Include="..\liveMedia\OggFileParser.cpp">
      <Filter>Source Files</Filter>
    </ClCompile>
    <ClCompile Include="..\liveMedia\OggFileServerDemux.cpp">
      <Filter>Source Files</Filter>
    </ClCompile>
    <ClCompile Include="..\liveMedia\OggFileServerMediaSubsession.cpp">
      <Filter>Source Files</Filter>
    </ClCompile>
    <ClCompile Include="..\liveMedia\OggFileSink.cpp">
      <Filter>Source Files</Filter>
    </ClCompile>
    <ClCompile Include="..\liveMedia\OnDemandServerMediaSubsession.cpp">
      <Filter>Source Files</Filter>
    </ClCompile>
    <ClCompile Include="..\liveMedia\ourMD5.cpp">
      <Filter>Source Files</Filter>
    </ClCompile>
    <ClCompile Include="..\liveMedia\OutputFile.cpp">
      <Filter>Source Files</Filter>
    </ClCompile>
    <ClCompile Include="..\liveMedia\PassiveServerMediaSubsession.cpp">
      <Filter>Source Files</Filter>
    </ClCompile>
    <ClCompile Include="..\liveMedia\ProxyServerMediaSession.cpp">
      <Filter>Source Files</Filter>
    </ClCompile>
    <ClCompile Include="..\liveMedia\QCELPAudioRTPSource.cpp">
      <Filter>Source Files</Filter>
    </ClCompile>
    <ClCompile Include="..\liveMedia\QuickTimeFileSink.cpp">
      <Filter>Source Files</Filter>
    </ClCompile>
    <ClCompile Include="..\liveMedia\QuickTimeGenericRTPSource.cpp">
      <Filter>Source Files</Filter>
    </ClCompile>
    <ClCompile Include="..\liveMedia\RTCP.cpp">
      <Filter>Source Files</Filter>
    </ClCompile>
    <ClCompile Include="..\liveMedia\rtcp_from_spec.c">
      <Filter>Source Files</Filter>
    </ClCompile>
    <ClCompile Include="..\liveMedia\RTPInterface.cpp">
      <Filter>Source Files</Filter>
    </ClCompile>
    <ClCompile Include="..\liveMedia\RTPSink.cpp">
      <Filter>Source Files</Filter>
    </ClCompile>
    <ClCompile Include="..\liveMedia\RTPSource.cpp">
      <Filter>Source Files</Filter>
    </ClCompile>
    <ClCompile Include="..\liveMedia\RTSPClient.cpp">
      <Filter>Source Files</Filter>
    </ClCompile>
    <ClCompile Include="..\liveMedia\RTSPCommon.cpp">
      <Filter>Source Files</Filter>
    </ClCompile>
    <ClCompile Include="..\liveMedia\RTSPRegisterSender.cpp">
      <Filter>Source Files</Filter>
    </ClCompile>
    <ClCompile Include="..\liveMedia\RTSPServer.cpp">
      <Filter>Source Files</Filter>
    </ClCompile>
    <ClCompile Include="..\liveMedia\RTSPServerSupportingHTTPStreaming.cpp">
      <Filter>Source Files</Filter>
    </ClCompile>
    <ClCompile Include="..\liveMedia\ServerMediaSession.cpp">
      <Filter>Source Files</Filter>
    </ClCompile>
    <ClCompile Include="..\liveMedia\SimpleRTPSink.cpp">
      <Filter>Source Files</Filter>
    </ClCompile>
    <ClCompile Include="..\liveMedia\SimpleRTPSource.cpp">
      <Filter>Source Files</Filter>
    </ClCompile>
    <ClCompile Include="..\liveMedia\SIPClient.cpp">
      <Filter>Source Files</Filter>
    </ClCompile>
    <ClCompile Include="..\liveMedia\StreamParser.cpp">
      <Filter>Source Files</Filter>
    </ClCompile>
    <ClCompile Include="..\liveMedia\StreamReplicator.cpp">
      <Filter>Source Files</Filter>
    </ClCompile>
    <ClCompile Include="..\liveMedia\T140TextRTPSink.cpp">
      <Filter>Source Files</Filter>
    </ClCompile>
    <ClCompile Include="..\liveMedia\TCPStreamSink.cpp">
      <Filter>Source Files</Filter>
    </ClCompile>
    <ClCompile Include="..\liveMedia\TextRTPSink.cpp">
      <Filter>Source Files</Filter>
    </ClCompile>
    <ClCompile Include="..\liveMedia\TheoraVideoRTPSink.cpp">
      <Filter>Source Files</Filter>
    </ClCompile>
    <ClCompile Include="..\liveMedia\TheoraVideoRTPSource.cpp">
      <Filter>Source Files</Filter>
    </ClCompile>
    <ClCompile Include="..\liveMedia\uLawAudioFilter.cpp">
      <Filter>Source Files</Filter>
    </ClCompile>
    <ClCompile Include="..\liveMedia\VideoRTPSink.cpp">
      <Filter>Source Files</Filter>
    </ClCompile>
    <ClCompile Include="..\liveMedia\VorbisAudioRTPSink.cpp">
      <Filter>Source Files</Filter>
    </ClCompile>
    <ClCompile Include="..\liveMedia\VorbisAudioRTPSource.cpp">
      <Filter>Source Files</Filter>
    </ClCompile>
    <ClCompile Include="..\liveMedia\VP8VideoRTPSink.cpp">
      <Filter>Source Files</Filter>
    </ClCompile>
    <ClCompile Include="..\liveMedia\VP8VideoRTPSource.cpp">
      <Filter>Source Files</Filter>
    </ClCompile>
    <ClCompile Include="..\liveMedia\VP9VideoRTPSink.cpp">
      <Filter>Source Files</Filter>
    </ClCompile>
    <ClCompile Include="..\liveMedia\VP9VideoRTPSource.cpp">
      <Filter>Source Files</Filter>
    </ClCompile>
    <ClCompile Include="..\liveMedia\WAVAudioFileServerMediaSubsession.cpp">
      <Filter>Source Files</Filter>
    </ClCompile>
    <ClCompile Include="..\liveMedia\WAVAudioFileSource.cpp">
      <Filter>Source Files</Filter>
    </ClCompile>
    <ClCompile Include="..\UsageEnvironment\HashTable.cpp">
      <Filter>Source Files</Filter>
    </ClCompile>
    <ClCompile Include="..\UsageEnvironment\strDup.cpp">
      <Filter>Source Files</Filter>
    </ClCompile>
    <ClCompile Include="..\UsageEnvironment\UsageEnvironment.cpp">
      <Filter>Source Files</Filter>
    </ClCompile>
    <ClCompile Include="..\groupsock\GroupEId.cpp">
      <Filter>Source Files</Filter>
    </ClCompile>
    <ClCompile Include="..\groupsock\Groupsock.cpp">
      <Filter>Source Files</Filter>
    </ClCompile>
    <ClCompile Include="..\groupsock\GroupsockHelper.cpp">
      <Filter>Source Files</Filter>
    </ClCompile>
    <ClCompile Include="..\groupsock\inet.c">
      <Filter>Source Files</Filter>
    </ClCompile>
    <ClCompile Include="..\groupsock\IOHandlers.cpp">
      <Filter>Source Files</Filter>
    </ClCompile>
    <ClCompile Include="..\groupsock\NetAddress.cpp">
      <Filter>Source Files</Filter>
    </ClCompile>
    <ClCompile Include="..\groupsock\NetInterface.cpp">
      <Filter>Source Files</Filter>
    </ClCompile>
    <ClCompile Include="..\BasicUsageEnvironment\BasicHashTable.cpp">
      <Filter>Source Files</Filter>
    </ClCompile>
    <ClCompile Include="..\BasicUsageEnvironment\BasicTaskScheduler.cpp">
      <Filter>Source Files</Filter>
    </ClCompile>
    <ClCompile Include="..\BasicUsageEnvironment\BasicTaskScheduler0.cpp">
      <Filter>Source Files</Filter>
    </ClCompile>
    <ClCompile Include="..\BasicUsageEnvironment\BasicUsageEnvironment.cpp">
      <Filter>Source Files</Filter>
    </ClCompile>
    <ClCompile Include="..\BasicUsageEnvironment\BasicUsageEnvironment0.cpp">
      <Filter>Source Files</Filter>
    </ClCompile>
    <ClCompile Include="..\BasicUsageEnvironment\DelayQueue.cpp">
      <Filter>Source Files</Filter>
    </ClCompile>
    <ClCompile Include="..\liveMedia\GenericMediaServer.cpp">
      <Filter>Source Files</Filter>
    </ClCompile>
    <ClCompile Include="..\liveMedia\RawVideoRTPSink.cpp">
      <Filter>Source Files</Filter>
    </ClCompile>
    <ClCompile Include="..\liveMedia\RawVideoRTPSource.cpp">
      <Filter>Source Files</Filter>
    </ClCompile>
    <ClCompile Include="..\liveMedia\RTSPServerRegister.cpp">
      <Filter>Source Files</Filter>
    </ClCompile>
  </ItemGroup>
  <ItemGroup>
    <None Include="..\liveMedia\EBMLNumber.hh">
      <Filter>Header Files</Filter>
    </None>
    <None Include="..\liveMedia\H263plusVideoStreamParser.hh">
      <Filter>Header Files</Filter>
    </None>
    <None Include="..\liveMedia\MatroskaDemuxedTrack.hh">
      <Filter>Header Files</Filter>
    </None>
    <None Include="..\liveMedia\StreamParser.hh">
      <Filter>Header Files</Filter>
    </None>
    <None Include="..\liveMedia\MatroskaFileParser.hh">
      <Filter>Header Files</Filter>
    </None>
    <None Include="..\liveMedia\MatroskaFileServerMediaSubsession.hh">
      <Filter>Header Files</Filter>
    </None>
    <None Include="..\liveMedia\MP3ADUdescriptor.hh">
      <Filter>Header Files</Filter>
    </None>
    <None Include="..\liveMedia\MP3AudioMatroskaFileServerMediaSubsession.hh">
      <Filter>Header Files</Filter>
    </None>
    <None Include="..\liveMedia\MP3Internals.hh">
      <Filter>Header Files</Filter>
    </None>
    <None Include="..\liveMedia\MP3InternalsHuffman.hh">
      <Filter>Header Files</Filter>
    </None>
    <None Include="..\liveMedia\MP3StreamState.hh">
      <Filter>Header Files</Filter>
    </None>
    <None Include="..\liveMedia\MPEGVideoStreamParser.hh">
      <Filter>Header Files</Filter>
    </None>
    <None Include="..\liveMedia\OggDemuxedTrack.hh">
      <Filter>Header Files</Filter>
    </None>
    <None Include="..\liveMedia\OggFileParser.hh">
      <Filter>Header Files</Filter>
    </None>
    <None Include="..\liveMedia\OggFileServerMediaSubsession.hh">
      <Filter>Header Files</Filter>
    </None>
    <None Include="..\liveMedia\include\AC3AudioFileServerMediaSubsession.hh">
      <Filter>Header Files</Filter>
    </None>
    <None Include="..\liveMedia\include\AC3AudioRTPSink.hh">
      <Filter>Header Files</Filter>
    </None>
    <None Include="..\liveMedia\include\AC3AudioRTPSource.hh">
      <Filter>Header Files</Filter>
    </None>
    <None Include="..\liveMedia\include\AC3AudioStreamFramer.hh">
      <Filter>Header Files</Filter>
    </None>
    <None Include="..\liveMedia\include\ADTSAudioFileServerMediaSubsession.hh">
      <Filter>Header Files</Filter>
    </None>
    <None Include="..\liveMedia\include\ADTSAudioFileSource.hh">
      <Filter>Header Files</Filter>
    </None>
    <None Include="..\liveMedia\include\AMRAudioFileServerMediaSubsession.hh">
      <Filter>Header Files</Filter>
    </None>
    <None Include="..\liveMedia\include\AMRAudioFileSink.hh">
      <Filter>Header Files</Filter>
    </None>
    <None Include="..\liveMedia\include\AMRAudioFileSource.hh">
      <Filter>Header Files</Filter>
    </None>
    <None Include="..\liveMedia\include\AMRAudioRTPSink.hh">
      <Filter>Header Files</Filter>
    </None>
    <None Include="..\liveMedia\include\AMRAudioRTPSource.hh">
      <Filter>Header Files</Filter>
    </None>
    <None Include="..\liveMedia\include\AMRAudioSource.hh">
      <Filter>Header Files</Filter>
    </None>
    <None Include="..\liveMedia\include\AudioInputDevice.hh">
      <Filter>Header Files</Filter>
    </None>
    <None Include="..\liveMedia\include\AudioRTPSink.hh">
      <Filter>Header Files</Filter>
    </None>
    <None Include="..\liveMedia\include\AVIFileSink.hh">
      <Filter>Header Files</Filter>
    </None>
    <None Include="..\liveMedia\include\Base64.hh">
      <Filter>Header Files</Filter>
    </None>
    <None Include="..\liveMedia\include\BasicUDPSink.hh">
      <Filter>Header Files</Filter>
    </None>
    <None Include="..\liveMedia\include\BasicUDPSource.hh">
      <Filter>Header Files</Filter>
    </None>
    <None Include="..\liveMedia\include\BitVector.hh">
      <Filter>Header Files</Filter>
    </None>
    <None Include="..\liveMedia\include\ByteStreamFileSource.hh">
      <Filter>Header Files</Filter>
    </None>
    <None Include="..\liveMedia\include\ByteStreamMemoryBufferSource.hh">
      <Filter>Header Files</Filter>
    </None>
    <None Include="..\liveMedia\include\ByteStreamMultiFileSource.hh">
      <Filter>Header Files</Filter>
    </None>
    <None Include="..\liveMedia\include\DarwinInjector.hh">
      <Filter>Header Files</Filter>
    </None>
    <None Include="..\liveMedia\include\DeviceSource.hh">
      <Filter>Header Files</Filter>
    </None>
    <None Include="..\liveMedia\include\DigestAuthentication.hh">
      <Filter>Header Files</Filter>
    </None>
    <None Include="..\liveMedia\include\DVVideoFileServerMediaSubsession.hh">
      <Filter>Header Files</Filter>
    </None>
    <None Include="..\liveMedia\include\DVVideoRTPSink.hh">
      <Filter>Header Files</Filter>
    </None>
    <None Include="..\liveMedia\include\DVVideoRTPSource.hh">
      <Filter>Header Files</Filter>
    </None>
    <None Include="..\liveMedia\include\DVVideoStreamFramer.hh">
      <Filter>Header Files</Filter>
    </None>
    <None Include="..\liveMedia\include\FileServerMediaSubsession.hh">
      <Filter>Header Files</Filter>
    </None>
    <None Include="..\liveMedia\include\FileSink.hh">
      <Filter>Header Files</Filter>
    </None>
    <None Include="..\liveMedia\include\FramedFileSource.hh">
      <Filter>Header Files</Filter>
    </None>
    <None Include="..\liveMedia\include\FramedFilter.hh">
      <Filter>Header Files</Filter>
    </None>
    <None Include="..\liveMedia\include\FramedSource.hh">
      <Filter>Header Files</Filter>
    </None>
    <None Include="..\liveMedia\include\GSMAudioRTPSink.hh">
      <Filter>Header Files</Filter>
    </None>
    <None Include="..\liveMedia\include\H261VideoRTPSource.hh">
      <Filter>Header Files</Filter>
    </None>
    <None Include="..\liveMedia\include\H263plusVideoFileServerMediaSubsession.hh">
      <Filter>Header Files</Filter>
    </None>
    <None Include="..\liveMedia\include\H263plusVideoRTPSink.hh">
      <Filter>Header Files</Filter>
    </None>
    <None Include="..\liveMedia\include\H263plusVideoRTPSource.hh">
      <Filter>Header Files</Filter>
    </None>
    <None Include="..\liveMedia\include\H263plusVideoStreamFramer.hh">
      <Filter>Header Files</Filter>
    </None>
    <None Include="..\liveMedia\include\H264or5VideoFileSink.hh">
      <Filter>Header Files</Filter>
    </None>
    <None Include="..\liveMedia\include\H264or5VideoRTPSink.hh">
      <Filter>Header Files</Filter>
    </None>
    <None Include="..\liveMedia\include\H264or5VideoStreamDiscreteFramer.hh">
      <Filter>Header Files</Filter>
    </None>
    <None Include="..\liveMedia\include\H264or5VideoStreamFramer.hh">
      <Filter>Header Files</Filter>
    </None>
    <None Include="..\liveMedia\include\H264VideoFileServerMediaSubsession.hh">
      <Filter>Header Files</Filter>
    </None>
    <None Include="..\liveMedia\include\H264VideoFileSink.hh">
      <Filter>Header Files</Filter>
    </None>
    <None Include="..\liveMedia\include\H264VideoRTPSink.hh">
      <Filter>Header Files</Filter>
    </None>
    <None Include="..\liveMedia\include\H264VideoRTPSource.hh">
      <Filter>Header Files</Filter>
    </None>
    <None Include="..\liveMedia\include\H264VideoStreamDiscreteFramer.hh">
      <Filter>Header Files</Filter>
    </None>
    <None Include="..\liveMedia\include\H264VideoStreamFramer.hh">
      <Filter>Header Files</Filter>
    </None>
    <None Include="..\liveMedia\include\H265VideoFileServerMediaSubsession.hh">
      <Filter>Header Files</Filter>
    </None>
    <None Include="..\liveMedia\include\H265VideoFileSink.hh">
      <Filter>Header Files</Filter>
    </None>
    <None Include="..\liveMedia\include\H265VideoRTPSink.hh">
      <Filter>Header Files</Filter>
    </None>
    <None Include="..\liveMedia\include\H265VideoRTPSource.hh">
      <Filter>Header Files</Filter>
    </None>
    <None Include="..\liveMedia\include\H265VideoStreamDiscreteFramer.hh">
      <Filter>Header Files</Filter>
    </None>
    <None Include="..\liveMedia\include\H265VideoStreamFramer.hh">
      <Filter>Header Files</Filter>
    </None>
    <None Include="..\liveMedia\include\InputFile.hh">
      <Filter>Header Files</Filter>
    </None>
    <None Include="..\liveMedia\include\JPEGVideoRTPSink.hh">
      <Filter>Header Files</Filter>
    </None>
    <None Include="..\liveMedia\include\JPEGVideoRTPSource.hh">
      <Filter>Header Files</Filter>
    </None>
    <None Include="..\liveMedia\include\JPEGVideoSource.hh">
      <Filter>Header Files</Filter>
    </None>
    <None Include="..\liveMedia\include\liveMedia.hh">
      <Filter>Header Files</Filter>
    </None>
    <None Include="..\liveMedia\include\liveMedia_version.hh">
      <Filter>Header Files</Filter>
    </None>
    <None Include="..\liveMedia\include\Locale.hh">
      <Filter>Header Files</Filter>
    </None>
    <None Include="..\liveMedia\include\MatroskaFile.hh">
      <Filter>Header Files</Filter>
    </None>
    <None Include="..\liveMedia\include\MatroskaFileServerDemux.hh">
      <Filter>Header Files</Filter>
    </None>
    <None Include="..\liveMedia\include\Media.hh">
      <Filter>Header Files</Filter>
    </None>
    <None Include="..\liveMedia\include\MediaSession.hh">
      <Filter>Header Files</Filter>
    </None>
    <None Include="..\liveMedia\include\MediaSink.hh">
      <Filter>Header Files</Filter>
    </None>
    <None Include="..\liveMedia\include\MediaSource.hh">
      <Filter>Header Files</Filter>
    </None>
    <None Include="..\liveMedia\include\MP3ADU.hh">
      <Filter>Header Files</Filter>
    </None>
    <None Include="..\liveMedia\include\MP3ADUinterleaving.hh">
      <Filter>Header Files</Filter>
    </None>
    <None Include="..\liveMedia\include\MP3ADURTPSink.hh">
      <Filter>Header Files</Filter>
    </None>
    <None Include="..\liveMedia\include\MP3ADURTPSource.hh">
      <Filter>Header Files</Filter>
    </None>
    <None Include="..\liveMedia\include\MP3ADUTranscoder.hh">
      <Filter>Header Files</Filter>
    </None>
    <None Include="..\liveMedia\include\MP3AudioFileServerMediaSubsession.hh">
      <Filter>Header Files</Filter>
    </None>
    <None Include="..\liveMedia\include\MP3FileSource.hh">
      <Filter>Header Files</Filter>
    </None>
    <None Include="..\liveMedia\include\MP3Transcoder.hh">
      <Filter>Header Files</Filter>
    </None>
    <None Include="..\liveMedia\include\MPEG1or2AudioRTPSink.hh">
      <Filter>Header Files</Filter>
    </None>
    <None Include="..\liveMedia\include\MPEG1or2AudioRTPSource.hh">
      <Filter>Header Files</Filter>
    </None>
    <None Include="..\liveMedia\include\MPEG1or2AudioStreamFramer.hh">
      <Filter>Header Files</Filter>
    </None>
    <None Include="..\liveMedia\include\MPEG1or2Demux.hh">
      <Filter>Header Files</Filter>
    </None>
    <None Include="..\liveMedia\include\MPEG1or2DemuxedElementaryStream.hh">
      <Filter>Header Files</Filter>
    </None>
    <None Include="..\liveMedia\include\MPEG1or2DemuxedServerMediaSubsession.hh">
      <Filter>Header Files</Filter>
    </None>
    <None Include="..\liveMedia\include\MPEG1or2FileServerDemux.hh">
      <Filter>Header Files</Filter>
    </None>
    <None Include="..\liveMedia\include\MPEG1or2VideoFileServerMediaSubsession.hh">
      <Filter>Header Files</Filter>
    </None>
    <None Include="..\liveMedia\include\MPEG1or2VideoRTPSink.hh">
      <Filter>Header Files</Filter>
    </None>
    <None Include="..\liveMedia\include\MPEG1or2VideoRTPSource.hh">
      <Filter>Header Files</Filter>
    </None>
    <None Include="..\liveMedia\include\MPEG1or2VideoStreamDiscreteFramer.hh">
      <Filter>Header Files</Filter>
    </None>
    <None Include="..\liveMedia\include\MPEG1or2VideoStreamFramer.hh">
      <Filter>Header Files</Filter>
    </None>
    <None Include="..\liveMedia\include\MPEG2IndexFromTransportStream.hh">
      <Filter>Header Files</Filter>
    </None>
    <None Include="..\liveMedia\include\MPEG2TransportFileServerMediaSubsession.hh">
      <Filter>Header Files</Filter>
    </None>
    <None Include="..\liveMedia\include\MPEG2TransportStreamFramer.hh">
      <Filter>Header Files</Filter>
    </None>
    <None Include="..\liveMedia\include\MPEG2TransportStreamFromESSource.hh">
      <Filter>Header Files</Filter>
    </None>
    <None Include="..\liveMedia\include\MPEG2TransportStreamFromPESSource.hh">
      <Filter>Header Files</Filter>
    </None>
    <None Include="..\liveMedia\include\MPEG2TransportStreamIndexFile.hh">
      <Filter>Header Files</Filter>
    </None>
    <None Include="..\liveMedia\include\MPEG2TransportStreamMultiplexor.hh">
      <Filter>Header Files</Filter>
    </None>
    <None Include="..\liveMedia\include\MPEG2TransportStreamTrickModeFilter.hh">
      <Filter>Header Files</Filter>
    </None>
    <None Include="..\liveMedia\include\MPEG2TransportUDPServerMediaSubsession.hh">
      <Filter>Header Files</Filter>
    </None>
    <None Include="..\liveMedia\include\MPEG4ESVideoRTPSink.hh">
      <Filter>Header Files</Filter>
    </None>
    <None Include="..\liveMedia\include\MPEG4ESVideoRTPSource.hh">
      <Filter>Header Files</Filter>
    </None>
    <None Include="..\liveMedia\include\MPEG4GenericRTPSink.hh">
      <Filter>Header Files</Filter>
    </None>
    <None Include="..\liveMedia\include\MPEG4GenericRTPSource.hh">
      <Filter>Header Files</Filter>
    </None>
    <None Include="..\liveMedia\include\MPEG4LATMAudioRTPSink.hh">
      <Filter>Header Files</Filter>
    </None>
    <None Include="..\liveMedia\include\MPEG4LATMAudioRTPSource.hh">
      <Filter>Header Files</Filter>
    </None>
    <None Include="..\liveMedia\include\MPEG4VideoFileServerMediaSubsession.hh">
      <Filter>Header Files</Filter>
    </None>
    <None Include="..\liveMedia\include\MPEG4VideoStreamDiscreteFramer.hh">
      <Filter>Header Files</Filter>
    </None>
    <None Include="..\liveMedia\include\MPEG4VideoStreamFramer.hh">
      <Filter>Header Files</Filter>
    </None>
    <None Include="..\liveMedia\include\MPEGVideoStreamFramer.hh">
      <Filter>Header Files</Filter>
    </None>
    <None Include="..\liveMedia\include\MultiFramedRTPSink.hh">
      <Filter>Header Files</Filter>
    </None>
    <None Include="..\liveMedia\include\MultiFramedRTPSource.hh">
      <Filter>Header Files</Filter>
    </None>
    <None Include="..\liveMedia\include\OggFile.hh">
      <Filter>Header Files</Filter>
    </None>
    <None Include="..\liveMedia\include\OggFileServerDemux.hh">
      <Filter>Header Files</Filter>
    </None>
    <None Include="..\liveMedia\include\OggFileSink.hh">
      <Filter>Header Files</Filter>
    </None>
    <None Include="..\liveMedia\include\OnDemandServerMediaSubsession.hh">
      <Filter>Header Files</Filter>
    </None>
    <None Include="..\liveMedia\include\ourMD5.hh">
      <Filter>Header Files</Filter>
    </None>
    <None Include="..\liveMedia\include\OutputFile.hh">
      <Filter>Header Files</Filter>
    </None>
    <None Include="..\liveMedia\include\PassiveServerMediaSubsession.hh">
      <Filter>Header Files</Filter>
    </None>
    <None Include="..\liveMedia\include\ProxyServerMediaSession.hh">
      <Filter>Header Files</Filter>
    </None>
    <None Include="..\liveMedia\include\QCELPAudioRTPSource.hh">
      <Filter>Header Files</Filter>
    </None>
    <None Include="..\liveMedia\include\QuickTimeFileSink.hh">
      <Filter>Header Files</Filter>
    </None>
    <None Include="..\liveMedia\include\QuickTimeGenericRTPSource.hh">
      <Filter>Header Files</Filter>
    </None>
    <None Include="..\liveMedia\include\RTCP.hh">
      <Filter>Header Files</Filter>
    </None>
    <None Include="..\liveMedia\include\RTPInterface.hh">
      <Filter>Header Files</Filter>
    </None>
    <None Include="..\liveMedia\include\RTPSink.hh">
      <Filter>Header Files</Filter>
    </None>
    <None Include="..\liveMedia\include\RTPSource.hh">
      <Filter>Header Files</Filter>
    </None>
    <None Include="..\liveMedia\include\RTSPClient.hh">
      <Filter>Header Files</Filter>
    </None>
    <None Include="..\liveMedia\include\RTSPCommon.hh">
      <Filter>Header Files</Filter>
    </None>
    <None Include="..\liveMedia\include\RTSPRegisterSender.hh">
      <Filter>Header Files</Filter>
    </None>
    <None Include="..\liveMedia\include\RTSPServer.hh">
      <Filter>Header Files</Filter>
    </None>
    <None Include="..\liveMedia\include\RTSPServerSupportingHTTPStreaming.hh">
      <Filter>Header Files</Filter>
    </None>
    <None Include="..\liveMedia\include\ServerMediaSession.hh">
      <Filter>Header Files</Filter>
    </None>
    <None Include="..\liveMedia\include\SimpleRTPSink.hh">
      <Filter>Header Files</Filter>
    </None>
    <None Include="..\liveMedia\include\SimpleRTPSource.hh">
      <Filter>Header Files</Filter>
    </None>
    <None Include="..\liveMedia\include\SIPClient.hh">
      <Filter>Header Files</Filter>
    </None>
    <None Include="..\liveMedia\include\StreamReplicator.hh">
      <Filter>Header Files</Filter>
    </None>
    <None Include="..\liveMedia\include\T140TextRTPSink.hh">
      <Filter>Header Files</Filter>
    </None>
    <None Include="..\liveMedia\include\TCPStreamSink.hh">
      <Filter>Header Files</Filter>
    </None>
    <None Include="..\liveMedia\include\TextRTPSink.hh">
      <Filter>Header Files</Filter>
    </None>
    <None Include="..\liveMedia\include\TheoraVideoRTPSink.hh">
      <Filter>Header Files</Filter>
    </None>
    <None Include="..\liveMedia\include\TheoraVideoRTPSource.hh">
      <Filter>Header Files</Filter>
    </None>
    <None Include="..\liveMedia\include\uLawAudioFilter.hh">
      <Filter>Header Files</Filter>
    </None>
    <None Include="..\liveMedia\include\VideoRTPSink.hh">
      <Filter>Header Files</Filter>
    </None>
    <None Include="..\liveMedia\include\VorbisAudioRTPSink.hh">
      <Filter>Header Files</Filter>
    </None>
    <None Include="..\liveMedia\include\VorbisAudioRTPSource.hh">
      <Filter>Header Files</Filter>
    </None>
    <None Include="..\liveMedia\include\VP8VideoRTPSink.hh">
      <Filter>Header Files</Filter>
    </None>
    <None Include="..\liveMedia\include\VP8VideoRTPSource.hh">
      <Filter>Header Files</Filter>
    </None>
    <None Include="..\liveMedia\include\VP9VideoRTPSink.hh">
      <Filter>Header Files</Filter>
    </None>
    <None Include="..\liveMedia\include\VP9VideoRTPSource.hh">
      <Filter>Header Files</Filter>
    </None>
    <None Include="..\liveMedia\include\WAVAudioFileServerMediaSubsession.hh">
      <Filter>Header Files</Filter>
    </None>
    <None Include="..\liveMedia\include\WAVAudioFileSource.hh">
      <Filter>Header Files</Filter>
    </None>
    <None Include="..\UsageEnvironment\include\Boolean.hh">
      <Filter>Header Files</Filter>
    </None>
    <None Include="..\UsageEnvironment\include\HashTable.hh">
      <Filter>Header Files</Filter>
    </None>
    <None Include="..\UsageEnvironment\include\strDup.hh">
      <Filter>Header Files</Filter>
    </None>
    <None Include="..\UsageEnvironment\include\UsageEnvironment.hh">
      <Filter>Header Files</Filter>
    </None>
    <None Include="..\UsageEnvironment\include\UsageEnvironment_version.hh">
      <Filter>Header Files</Filter>
    </None>
    <None Include="..\groupsock\include\GroupEId.hh">
      <Filter>Header Files</Filter>
    </None>
    <None Include="..\groupsock\include\Groupsock.hh">
      <Filter>Header Files</Filter>
    </None>
    <None Include="..\groupsock\include\groupsock_version.hh">
      <Filter>Header Files</Filter>
    </None>
    <None Include="..\groupsock\include\GroupsockHelper.hh">
      <Filter>Header Files</Filter>
    </None>
    <None Include="..\groupsock\include\IOHandlers.hh">
      <Filter>Header Files</Filter>
    </None>
    <None Include="..\groupsock\include\NetAddress.hh">
      <Filter>Header Files</Filter>
    </None>
    <None Include="..\groupsock\include\NetInterface.hh">
      <Filter>Header Files</Filter>
    </None>
    <None Include="..\groupsock\include\TunnelEncaps.hh">
      <Filter>Header Files</Filter>
    </None>
    <None Include="..\BasicUsageEnvironment\include\BasicHashTable.hh">
      <Filter>Header Files</Filter>
    </None>
    <None Include="..\BasicUsageEnvironment\include\BasicUsageEnvironment.hh">
      <Filter>Header Files</Filter>
    </None>
    <None Include="..\BasicUsageEnvironment\include\BasicUsageEnvironment_version.hh">
      <Filter>Header Files</Filter>
    </None>
    <None Include="..\BasicUsageEnvironment\include\BasicUsageEnvironment0.hh">
      <Filter>Header Files</Filter>
    </None>
    <None Include="..\BasicUsageEnvironment\include\DelayQueue.hh">
      <Filter>Header Files</Filter>
    </None>
    <None Include="..\BasicUsageEnvironment\include\HandlerSet.hh">
      <Filter>Header Files</Filter>
    </None>
  </ItemGroup>
  <ItemGroup>
    <ClInclude Include="..\liveMedia\rtcp_from_spec.h">
      <Filter>Header Files</Filter>
    </ClInclude>
    <ClInclude Include="..\groupsock\include\NetCommon.h">
      <Filter>Header Files</Filter>
    </ClInclude>
    <ClInclude Include="Platform.h">
      <Filter>Header Files</Filter>
    </ClInclude>
  </ItemGroup>
</Project>